
Microsoft Visual Studio Solution File, Format Version 12.00
# Visual Studio Version 17
VisualStudioVersion = 17.9.34728.123
MinimumVisualStudioVersion = 10.0.40219.1
Project("{FAE04EC0-301F-11D3-BF4B-00C04F79EFBC}") = "MyWeatherApplication", "MyWeatherApplication\MyWeatherApplication.csproj", "{3BC80421-C8B4-4CC2-9B88-70CA14571E3D}"
EndProject
Global
	GlobalSection(SolutionConfigurationPlatforms) = preSolution
		Debug|Any CPU = Debug|Any CPU
		Release|Any CPU = Release|Any CPU
	EndGlobalSection
	GlobalSection(ProjectConfigurationPlatforms) = postSolution
		{3BC80421-C8B4-4CC2-9B88-70CA14571E3D}.Debug|Any CPU.ActiveCfg = Debug|Any CPU
		{3BC80421-C8B4-4CC2-9B88-70CA14571E3D}.Debug|Any CPU.Build.0 = Debug|Any CPU
		{3BC80421-C8B4-4CC2-9B88-70CA14571E3D}.Debug|Any CPU.Deploy.0 = Debug|Any CPU
		{3BC80421-C8B4-4CC2-9B88-70CA14571E3D}.Release|Any CPU.ActiveCfg = Release|Any CPU
		{3BC80421-C8B4-4CC2-9B88-70CA14571E3D}.Release|Any CPU.Build.0 = Release|Any CPU
		{3BC80421-C8B4-4CC2-9B88-70CA14571E3D}.Release|Any CPU.Deploy.0 = Release|Any CPU
	EndGlobalSection
	GlobalSection(SolutionProperties) = preSolution
		HideSolutionNode = FALSE
	EndGlobalSection
	GlobalSection(ExtensibilityGlobals) = postSolution
		SolutionGuid = {FF5361BE-447E-4489-B5B5-47465B601A36}
	EndGlobalSection
EndGlobal
